
Microsoft Visual Studio Solution File, Format Version 12.00
# Visual Studio Version 16
VisualStudioVersion = 16.0.33027.164
MinimumVisualStudioVersion = 10.0.40219.1
Project("{FAE04EC0-301F-11D3-BF4B-00C04F79EFBC}") = "MSMQ_socket_form_Csharp", "MSMQ_socket_form_Csharp\MSMQ_socket_form_Csharp.csproj", "{D8349BFA-EA94-4881-8F7D-AD398F14814C}"
EndProject
Global
	GlobalSection(SolutionConfigurationPlatforms) = preSolution
		Debug|Any CPU = Debug|Any CPU
		Release|Any CPU = Release|Any CPU
	EndGlobalSection
	GlobalSection(ProjectConfigurationPlatforms) = postSolution
		{D8349BFA-EA94-4881-8F7D-AD398F14814C}.Debug|Any CPU.ActiveCfg = Debug|Any CPU
		{D8349BFA-EA94-4881-8F7D-AD398F14814C}.Debug|Any CPU.Build.0 = Debug|Any CPU
		{D8349BFA-EA94-4881-8F7D-AD398F14814C}.Release|Any CPU.ActiveCfg = Release|Any CPU
		{D8349BFA-EA94-4881-8F7D-AD398F14814C}.Release|Any CPU.Build.0 = Release|Any CPU
	EndGlobalSection
	GlobalSection(SolutionProperties) = preSolution
		HideSolutionNode = FALSE
	EndGlobalSection
	GlobalSection(ExtensibilityGlobals) = postSolution
		SolutionGuid = {53C7DE50-5DCE-4D30-9EE3-D2816529A76B}
	EndGlobalSection
EndGlobal
